
Microsoft Visual Studio Solution File, Format Version 12.00
# Visual Studio Version 16
VisualStudioVersion = 16.0.31129.286
MinimumVisualStudioVersion = 10.0.40219.1
Project("{FAE04EC0-301F-11D3-BF4B-00C04F79EFBC}") = "PandemoniumBingo", "PandemoniumBingo\PandemoniumBingo.csproj", "{580032F7-6F31-4E82-8933-F7B7BFF4FBAC}"
EndProject
Global
	GlobalSection(SolutionConfigurationPlatforms) = preSolution
		Debug|Any CPU = Debug|Any CPU
		Release|Any CPU = Release|Any CPU
	EndGlobalSection
	GlobalSection(ProjectConfigurationPlatforms) = postSolution
		{580032F7-6F31-4E82-8933-F7B7BFF4FBAC}.Debug|Any CPU.ActiveCfg = Debug|Any CPU
		{580032F7-6F31-4E82-8933-F7B7BFF4FBAC}.Debug|Any CPU.Build.0 = Debug|Any CPU
		{580032F7-6F31-4E82-8933-F7B7BFF4FBAC}.Release|Any CPU.ActiveCfg = Release|Any CPU
		{580032F7-6F31-4E82-8933-F7B7BFF4FBAC}.Release|Any CPU.Build.0 = Release|Any CPU
	EndGlobalSection
	GlobalSection(SolutionProperties) = preSolution
		HideSolutionNode = FALSE
	EndGlobalSection
	GlobalSection(ExtensibilityGlobals) = postSolution
		SolutionGuid = {D2B50ED6-AD6F-43EF-AA87-286F23FA4E8B}
	EndGlobalSection
EndGlobal
